
Microsoft Visual Studio Solution File, Format Version 12.00
# Visual Studio Version 17
VisualStudioVersion = 17.5.33516.290
MinimumVisualStudioVersion = 10.0.40219.1
Project("{FAE04EC0-301F-11D3-BF4B-00C04F79EFBC}") = "Observer Pattern", "Observer Pattern\Observer Pattern.csproj", "{255C8CC1-CF56-455A-8EF9-EC223DCCD9C4}"
EndProject
Project("{FAE04EC0-301F-11D3-BF4B-00C04F79EFBC}") = "Strategy Pattern", "Strategy Pattern\Strategy Pattern.csproj", "{9BFCF603-3BC0-466E-9F72-563159D55ED8}"
EndProject
Global
	GlobalSection(SolutionConfigurationPlatforms) = preSolution
		Debug|Any CPU = Debug|Any CPU
		Release|Any CPU = Release|Any CPU
	EndGlobalSection
	GlobalSection(ProjectConfigurationPlatforms) = postSolution
		{255C8CC1-CF56-455A-8EF9-EC223DCCD9C4}.Debug|Any CPU.ActiveCfg = Debug|Any CPU
		{255C8CC1-CF56-455A-8EF9-EC223DCCD9C4}.Debug|Any CPU.Build.0 = Debug|Any CPU
		{255C8CC1-CF56-455A-8EF9-EC223DCCD9C4}.Release|Any CPU.ActiveCfg = Release|Any CPU
		{255C8CC1-CF56-455A-8EF9-EC223DCCD9C4}.Release|Any CPU.Build.0 = Release|Any CPU
		{9BFCF603-3BC0-466E-9F72-563159D55ED8}.Debug|Any CPU.ActiveCfg = Debug|Any CPU
		{9BFCF603-3BC0-466E-9F72-563159D55ED8}.Debug|Any CPU.Build.0 = Debug|Any CPU
		{9BFCF603-3BC0-466E-9F72-563159D55ED8}.Release|Any CPU.ActiveCfg = Release|Any CPU
		{9BFCF603-3BC0-466E-9F72-563159D55ED8}.Release|Any CPU.Build.0 = Release|Any CPU
	EndGlobalSection
	GlobalSection(SolutionProperties) = preSolution
		HideSolutionNode = FALSE
	EndGlobalSection
	GlobalSection(ExtensibilityGlobals) = postSolution
		SolutionGuid = {B9FE468B-DACB-4E65-8198-1E0A4E28F7BC}
	EndGlobalSection
EndGlobal
